// !$*UTF8*$!
{
	archiveVersion = 1;
	classes = {
	};
	objectVersion = 48;
	objects = {

/* Begin PBXBuildFile section */
		F9C789C12381CC8B0093DFA0 /* AppDelegate.swift in Sources */ = {isa = PBXBuildFile; fileRef = F9C789C02381CC8B0093DFA0 /* AppDelegate.swift */; };
		F9C789C32381CC8B0093DFA0 /* ViewController.swift in Sources */ = {isa = PBXBuildFile; fileRef = F9C789C22381CC8B0093DFA0 /* ViewController.swift */; };
		F9C789C62381CC8B0093DFA0 /* Main.storyboard in Resources */ = {isa = PBXBuildFile; fileRef = F9C789C42381CC8B0093DFA0 /* Main.storyboard */; };
		F9C789C92381CC8B0093DFA0 /* rtcApp.xcdatamodeld in Sources */ = {isa = PBXBuildFile; fileRef = F9C789C72381CC8B0093DFA0 /* rtcApp.xcdatamodeld */; };
		F9C789CB2381CC8B0093DFA0 /* Assets.xcassets in Resources */ = {isa = PBXBuildFile; fileRef = F9C789CA2381CC8B0093DFA0 /* Assets.xcassets */; };
		F9C789CE2381CC8B0093DFA0 /* LaunchScreen.storyboard in Resources */ = {isa = PBXBuildFile; fileRef = F9C789CC2381CC8B0093DFA0 /* LaunchScreen.storyboard */; };
/* End PBXBuildFile section */

/* Begin PBXFileReference section */
		F9C789BD2381CC8B0093DFA0 /* rtcApp.app */ = {isa = PBXFileReference; explicitFileType = wrapper.application; includeInIndex = 0; path = rtcApp.app; sourceTree = BUILT_PRODUCTS_DIR; };
		F9C789C02381CC8B0093DFA0 /* AppDelegate.swift */ = {isa = PBXFileReference; lastKnownFileType = sourcecode.swift; path = AppDelegate.swift; sourceTree = "<group>"; };
		F9C789C22381CC8B0093DFA0 /* ViewController.swift */ = {isa = PBXFileReference; lastKnownFileType = sourcecode.swift; path = ViewController.swift; sourceTree = "<group>"; };
		F9C789C52381CC8B0093DFA0 /* Base */ = {isa = PBXFileReference; lastKnownFileType = file.storyboard; name = Base; path = Base.lproj/Main.storyboard; sourceTree = "<group>"; };
		F9C789C82381CC8B0093DFA0 /* rtcApp.xcdatamodel */ = {isa = PBXFileReference; lastKnownFileType = wrapper.xcdatamodel; path = rtcApp.xcdatamodel; sourceTree = "<group>"; };
		F9C789CA2381CC8B0093DFA0 /* Assets.xcassets */ = {isa = PBXFileReference; lastKnownFileType = folder.assetcatalog; path = Assets.xcassets; sourceTree = "<group>"; };
		F9C789CD2381CC8B0093DFA0 /* Base */ = {isa = PBXFileReference; lastKnownFileType = file.storyboard; name = Base; path = Base.lproj/LaunchScreen.storyboard; sourceTree = "<group>"; };
		F9C789CF2381CC8B0093DFA0 /* Info.plist */ = {isa = PBXFileReference; lastKnownFileType = text.plist.xml; path = Info.plist; sourceTree = "<group>"; };
/* End PBXFileReference section */

/* Begin PBXFrameworksBuildPhase section */
		F9C789BA2381CC8B0093DFA0 /* Frameworks */ = {
			isa = PBXFrameworksBuildPhase;
			buildActionMask = 2147483647;
			files = (
			);
			runOnlyForDeploymentPostprocessing = 0;
		};
/* End PBXFrameworksBuildPhase section */

/* Begin PBXGroup section */
		F9C789B42381CC8B0093DFA0 = {
			isa = PBXGroup;
			children = (
				F9C789BF2381CC8B0093DFA0 /* rtcApp */,
				F9C789BE2381CC8B0093DFA0 /* Products */,
			);
			sourceTree = "<group>";
		};
		F9C789BE2381CC8B0093DFA0 /* Products */ = {
			isa = PBXGroup;
			children = (
				F9C789BD2381CC8B0093DFA0 /* rtcApp.app */,
			);
			name = Products;
			sourceTree = "<group>";
		};
		F9C789BF2381CC8B0093DFA0 /* rtcApp */ = {
			isa = PBXGroup;
			children = (
				F9C789C02381CC8B0093DFA0 /* AppDelegate.swift */,
				F9C789C22381CC8B0093DFA0 /* ViewController.swift */,
				F9C789C42381CC8B0093DFA0 /* Main.storyboard */,
				F9C789CA2381CC8B0093DFA0 /* Assets.xcassets */,
				F9C789CC2381CC8B0093DFA0 /* LaunchScreen.storyboard */,
				F9C789CF2381CC8B0093DFA0 /* Info.plist */,
				F9C789C72381CC8B0093DFA0 /* rtcApp.xcdatamodeld */,
			);
			path = rtcApp;
			sourceTree = "<group>";
		};
/* End PBXGroup section */

/* Begin PBXNativeTarget section */
		F9C789BC2381CC8B0093DFA0 /* rtcApp */ = {
			isa = PBXNativeTarget;
			buildConfigurationList = F9C789D22381CC8B0093DFA0 /* Build configuration list for PBXNativeTarget "rtcApp" */;
			buildPhases = (
				F9C789B92381CC8B0093DFA0 /* Sources */,
				F9C789BA2381CC8B0093DFA0 /* Frameworks */,
				F9C789BB2381CC8B0093DFA0 /* Resources */,
			);
			buildRules = (
			);
			dependencies = (
			);
			name = rtcApp;
			productName = rtcApp;
			productReference = F9C789BD2381CC8B0093DFA0 /* rtcApp.app */;
			productType = "com.apple.product-type.application";
		};
/* End PBXNativeTarget section */

/* Begin PBXProject section */
		F9C789B52381CC8B0093DFA0 /* Project object */ = {
			isa = PBXProject;
			attributes = {
				LastSwiftUpdateCheck = 0920;
				LastUpgradeCheck = 0920;
				ORGANIZATIONNAME = "Makcim Mikhailov";
				TargetAttributes = {
					F9C789BC2381CC8B0093DFA0 = {
						CreatedOnToolsVersion = 9.2;
						ProvisioningStyle = Automatic;
					};
				};
			};
			buildConfigurationList = F9C789B82381CC8B0093DFA0 /* Build configuration list for PBXProject "rtcApp" */;
			compatibilityVersion = "Xcode 8.0";
			developmentRegion = en;
			hasScannedForEncodings = 0;
			knownRegions = (
				en,
				Base,
			);
			mainGroup = F9C789B42381CC8B0093DFA0;
			productRefGroup = F9C789BE2381CC8B0093DFA0 /* Products */;
			projectDirPath = "";
			projectRoot = "";
			targets = (
				F9C789BC2381CC8B0093DFA0 /* rtcApp */,
			);
		};
/* End PBXProject section */

/* Begin PBXResourcesBuildPhase section */
		F9C789BB2381CC8B0093DFA0 /* Resources */ = {
			isa = PBXResourcesBuildPhase;
			buildActionMask = 2147483647;
			files = (
				F9C789CE2381CC8B0093DFA0 /* LaunchScreen.storyboard in Resources */,
				F9C789CB2381CC8B0093DFA0 /* Assets.xcassets in Resources */,
				F9C789C62381CC8B0093DFA0 /* Main.storyboard in Resources */,
			);
			runOnlyForDeploymentPostprocessing = 0;
		};
/* End PBXResourcesBuildPhase section */

/* Begin PBXSourcesBuildPhase section */
		F9C789B92381CC8B0093DFA0 /* Sources */ = {
			isa = PBXSourcesBuildPhase;
			buildActionMask = 2147483647;
			files = (
				F9C789C92381CC8B0093DFA0 /* rtcApp.xcdatamodeld in Sources */,
				F9C789C32381CC8B0093DFA0 /* ViewController.swift in Sources */,
				F9C789C12381CC8B0093DFA0 /* AppDelegate.swift in Sources */,
			);
			runOnlyForDeploymentPostprocessing = 0;
		};
/* End PBXSourcesBuildPhase section */

/* Begin PBXVariantGroup section */
		F9C789C42381CC8B0093DFA0 /* Main.storyboard */ = {
			isa = PBXVariantGroup;
			children = (
				F9C789C52381CC8B0093DFA0 /* Base */,
			);
			name = Main.storyboard;
			sourceTree = "<group>";
		};
		F9C789CC2381CC8B0093DFA0 /* LaunchScreen.storyboard */ = {
			isa = PBXVariantGroup;
			children = (
				F9C789CD2381CC8B0093DFA0 /* Base */,
			);
			name = LaunchScreen.storyboard;
			sourceTree = "<group>";
		};
/* End PBXVariantGroup section */

/* Begin XCBuildConfiguration section */
		F9C789D02381CC8B0093DFA0 /* Debug */ = {
			isa = XCBuildConfiguration;
			buildSettings = {
				ALWAYS_SEARCH_USER_PATHS = NO;
				CLANG_ANALYZER_NONNULL = YES;
				CLANG_ANALYZER_NUMBER_OBJECT_CONVERSION = YES_AGGRESSIVE;
				CLANG_CXX_LANGUAGE_STANDARD = "gnu++14";
				CLANG_CXX_LIBRARY = "libc++";
				CLANG_ENABLE_MODULES = YES;
				CLANG_ENABLE_OBJC_ARC = YES;
				CLANG_WARN_BLOCK_CAPTURE_AUTORELEASING = YES;
				CLANG_WARN_BOOL_CONVERSION = YES;
				CLANG_WARN_COMMA = YES;
				CLANG_WARN_CONSTANT_CONVERSION = YES;
				CLANG_WARN_DIRECT_OBJC_ISA_USAGE = YES_ERROR;
				CLANG_WARN_DOCUMENTATION_COMMENTS = YES;
				CLANG_WARN_EMPTY_BODY = YES;
				CLANG_WARN_ENUM_CONVERSION = YES;
				CLANG_WARN_INFINITE_RECURSION = YES;
				CLANG_WARN_INT_CONVERSION = YES;
				CLANG_WARN_NON_LITERAL_NULL_CONVERSION = YES;
				CLANG_WARN_OBJC_LITERAL_CONVERSION = YES;
				CLANG_WARN_OBJC_ROOT_CLASS = YES_ERROR;
				CLANG_WARN_RANGE_LOOP_ANALYSIS = YES;
				CLANG_WARN_STRICT_PROTOTYPES = YES;
				CLANG_WARN_SUSPICIOUS_MOVE = YES;
				CLANG_WARN_UNGUARDED_AVAILABILITY = YES_AGGRESSIVE;
				CLANG_WARN_UNREACHABLE_CODE = YES;
				CLANG_WARN__DUPLICATE_METHOD_MATCH = YES;
				CODE_SIGN_IDENTITY = "iPhone Developer";
				COPY_PHASE_STRIP = NO;
				DEBUG_INFORMATION_FORMAT = dwarf;
				ENABLE_STRICT_OBJC_MSGSEND = YES;
				ENABLE_TESTABILITY = YES;
				GCC_C_LANGUAGE_STANDARD = gnu11;
				GCC_DYNAMIC_NO_PIC = NO;
				GCC_NO_COMMON_BLOCKS = YES;
				GCC_OPTIMIZATION_LEVEL = 0;
				GCC_PREPROCESSOR_DEFINITIONS = (
					"DEBUG=1",
					"$(inherited)",
				);
				GCC_WARN_64_TO_32_BIT_CONVERSION = YES;
				GCC_WARN_ABOUT_RETURN_TYPE = YES_ERROR;
				GCC_WARN_UNDECLARED_SELECTOR = YES;
				GCC_WARN_UNINITIALIZED_AUTOS = YES_AGGRESSIVE;
				GCC_WARN_UNUSED_FUNCTION = YES;
				GCC_WARN_UNUSED_VARIABLE = YES;
				IPHONEOS_DEPLOYMENT_TARGET = 11.2;
				MTL_ENABLE_DEBUG_INFO = YES;
				ONLY_ACTIVE_ARCH = YES;
				SDKROOT = iphoneos;
				SWIFT_ACTIVE_COMPILATION_CONDITIONS = DEBUG;
				SWIFT_OPTIMIZATION_LEVEL = "-Onone";
			};
			name = Debug;
		};
		F9C789D12381CC8B0093DFA0 /* Release */ = {
			isa = XCBuildConfiguration;
			buildSettings = {
				ALWAYS_SEARCH_USER_PATHS = NO;
				CLANG_ANALYZER_NONNULL = YES;
				CLANG_ANALYZER_NUMBER_OBJECT_CONVERSION = YES_AGGRESSIVE;
				CLANG_CXX_LANGUAGE_STANDARD = "gnu++14";
				CLANG_CXX_LIBRARY = "libc++";
				CLANG_ENABLE_MODULES = YES;
				CLANG_ENABLE_OBJC_ARC = YES;
				CLANG_WARN_BLOCK_CAPTURE_AUTORELEASING = YES;
				CLANG_WARN_BOOL_CONVERSION = YES;
				CLANG_WARN_COMMA = YES;
				CLANG_WARN_CONSTANT_CONVERSION = YES;
				CLANG_WARN_DIRECT_OBJC_ISA_USAGE = YES_ERROR;
				CLANG_WARN_DOCUMENTATION_COMMENTS = YES;
				CLANG_WARN_EMPTY_BODY = YES;
				CLANG_WARN_ENUM_CONVERSION = YES;
				CLANG_WARN_INFINITE_RECURSION = YES;
				CLANG_WARN_INT_CONVERSION = YES;
				CLANG_WARN_NON_LITERAL_NULL_CONVERSION = YES;
				CLANG_WARN_OBJC_LITERAL_CONVERSION = YES;
				CLANG_WARN_OBJC_ROOT_CLASS = YES_ERROR;
				CLANG_WARN_RANGE_LOOP_ANALYSIS = YES;
				CLANG_WARN_STRICT_PROTOTYPES = YES;
				CLANG_WARN_SUSPICIOUS_MOVE = YES;
				CLANG_WARN_UNGUARDED_AVAILABILITY = YES_AGGRESSIVE;
				CLANG_WARN_UNREACHABLE_CODE = YES;
				CLANG_WARN__DUPLICATE_METHOD_MATCH = YES;
				CODE_SIGN_IDENTITY = "iPhone Developer";
				COPY_PHASE_STRIP = NO;
				DEBUG_INFORMATION_FORMAT = "dwarf-with-dsym";
				ENABLE_NS_ASSERTIONS = NO;
				ENABLE_STRICT_OBJC_MSGSEND = YES;
				GCC_C_LANGUAGE_STANDARD = gnu11;
				GCC_NO_COMMON_BLOCKS = YES;
				GCC_WARN_64_TO_32_BIT_CONVERSION = YES;
				GCC_WARN_ABOUT_RETURN_TYPE = YES_ERROR;
				GCC_WARN_UNDECLARED_SELECTOR = YES;
				GCC_WARN_UNINITIALIZED_AUTOS = YES_AGGRESSIVE;
				GCC_WARN_UNUSED_FUNCTION = YES;
				GCC_WARN_UNUSED_VARIABLE = YES;
				IPHONEOS_DEPLOYMENT_TARGET = 11.2;
				MTL_ENABLE_DEBUG_INFO = NO;
				SDKROOT = iphoneos;
				SWIFT_OPTIMIZATION_LEVEL = "-Owholemodule";
				VALIDATE_PRODUCT = YES;
			};
			name = Release;
		};
		F9C789D32381CC8B0093DFA0 /* Debug */ = {
			isa = XCBuildConfiguration;
			buildSettings = {
				ASSETCATALOG_COMPILER_APPICON_NAME = AppIcon;
				CODE_SIGN_STYLE = Automatic;
				DEVELOPMENT_TEAM = WL97D5DF35;
				INFOPLIST_FILE = rtcApp/Info.plist;
				LD_RUNPATH_SEARCH_PATHS = "$(inherited) @executable_path/Frameworks";
				PRODUCT_BUNDLE_IDENTIFIER = Home.rtcApp;
				PRODUCT_NAME = "$(TARGET_NAME)";
				SWIFT_VERSION = 4.0;
				TARGETED_DEVICE_FAMILY = "1,2";
			};
			name = Debug;
		};
		F9C789D42381CC8B0093DFA0 /* Release */ = {
			isa = XCBuildConfiguration;
			buildSettings = {
				ASSETCATALOG_COMPILER_APPICON_NAME = AppIcon;
				CODE_SIGN_STYLE = Automatic;
				DEVELOPMENT_TEAM = WL97D5DF35;
				INFOPLIST_FILE = rtcApp/Info.plist;
				LD_RUNPATH_SEARCH_PATHS = "$(inherited) @executable_path/Frameworks";
				PRODUCT_BUNDLE_IDENTIFIER = Home.rtcApp;
				PRODUCT_NAME = "$(TARGET_NAME)";
				SWIFT_VERSION = 4.0;
				TARGETED_DEVICE_FAMILY = "1,2";
			};
			name = Release;
		};
/* End XCBuildConfiguration section */

/* Begin XCConfigurationList section */
		F9C789B82381CC8B0093DFA0 /* Build configuration list for PBXProject "rtcApp" */ = {
			isa = XCConfigurationList;
			buildConfigurations = (
				F9C789D02381CC8B0093DFA0 /* Debug */,
				F9C789D12381CC8B0093DFA0 /* Release */,
			);
			defaultConfigurationIsVisible = 0;
			defaultConfigurationName = Release;
		};
		F9C789D22381CC8B0093DFA0 /* Build configuration list for PBXNativeTarget "rtcApp" */ = {
			isa = XCConfigurationList;
			buildConfigurations = (
				F9C789D32381CC8B0093DFA0 /* Debug */,
				F9C789D42381CC8B0093DFA0 /* Release */,
			);
			defaultConfigurationIsVisible = 0;
			defaultConfigurationName = Release;
		};
/* End XCConfigurationList section */

/* Begin XCVersionGroup section */
		F9C789C72381CC8B0093DFA0 /* rtcApp.xcdatamodeld */ = {
			isa = XCVersionGroup;
			children = (
				F9C789C82381CC8B0093DFA0 /* rtcApp.xcdatamodel */,
			);
			currentVersion = F9C789C82381CC8B0093DFA0 /* rtcApp.xcdatamodel */;
			path = rtcApp.xcdatamodeld;
			sourceTree = "<group>";
			versionGroupType = wrapper.xcdatamodel;
		};
/* End XCVersionGroup section */
	};
	rootObject = F9C789B52381CC8B0093DFA0 /* Project object */;
}
