// !$*UTF8*$!
{
	archiveVersion = 1;
	classes = {
	};
	objectVersion = 48;
	objects = {

/* Begin PBXBuildFile section */
		BBE871438367F7706D3E1876 /* libPods-rtcApp.a in Frameworks */ = {isa = PBXBuildFile; fileRef = B1123DDEEDF9492DBC6434B5 /* libPods-rtcApp.a */; };
		F94333722381FE20005CF627 /* CallViewController.swift in Sources */ = {isa = PBXBuildFile; fileRef = F94333712381FE20005CF627 /* CallViewController.swift */; };
		F9C789C12381CC8B0093DFA0 /* AppDelegate.swift in Sources */ = {isa = PBXBuildFile; fileRef = F9C789C02381CC8B0093DFA0 /* AppDelegate.swift */; };
		F9C789C32381CC8B0093DFA0 /* RoomInfoViewController.swift in Sources */ = {isa = PBXBuildFile; fileRef = F9C789C22381CC8B0093DFA0 /* RoomInfoViewController.swift */; };
		F9C789CB2381CC8B0093DFA0 /* Assets.xcassets in Resources */ = {isa = PBXBuildFile; fileRef = F9C789CA2381CC8B0093DFA0 /* Assets.xcassets */; };
		F9C789CE2381CC8B0093DFA0 /* LaunchScreen.storyboard in Resources */ = {isa = PBXBuildFile; fileRef = F9C789CC2381CC8B0093DFA0 /* LaunchScreen.storyboard */; };
		F9C789F02381ECBB0093DFA0 /* ARDAppClient.m in Sources */ = {isa = PBXBuildFile; fileRef = F9C789DE2381ECB20093DFA0 /* ARDAppClient.m */; };
		F9C789F12381ECBB0093DFA0 /* ARDRegisterResponse.m in Sources */ = {isa = PBXBuildFile; fileRef = F9C789DF2381ECB30093DFA0 /* ARDRegisterResponse.m */; };
		F9C789F22381ECBB0093DFA0 /* ARDSignalingMessage.m in Sources */ = {isa = PBXBuildFile; fileRef = F9C789E02381ECB30093DFA0 /* ARDSignalingMessage.m */; };
		F9C789F32381ECBB0093DFA0 /* RTCICECandidate+JSON.m in Sources */ = {isa = PBXBuildFile; fileRef = F9C789E52381ECB50093DFA0 /* RTCICECandidate+JSON.m */; };
		F9C789F42381ECBB0093DFA0 /* ARDUtilities.m in Sources */ = {isa = PBXBuildFile; fileRef = F9C789E62381ECB60093DFA0 /* ARDUtilities.m */; };
		F9C789F52381ECBB0093DFA0 /* ARDMessageResponse.m in Sources */ = {isa = PBXBuildFile; fileRef = F9C789E92381ECB70093DFA0 /* ARDMessageResponse.m */; };
		F9C789F62381ECBB0093DFA0 /* RTCMediaConstraints+JSON.m in Sources */ = {isa = PBXBuildFile; fileRef = F9C789EA2381ECB80093DFA0 /* RTCMediaConstraints+JSON.m */; };
		F9C789F72381ECBB0093DFA0 /* RTCSessionDescription+JSON.m in Sources */ = {isa = PBXBuildFile; fileRef = F9C789EB2381ECB80093DFA0 /* RTCSessionDescription+JSON.m */; };
		F9C789F82381ECBB0093DFA0 /* RTCICEServer+JSON.m in Sources */ = {isa = PBXBuildFile; fileRef = F9C789EC2381ECB90093DFA0 /* RTCICEServer+JSON.m */; };
		F9C789F92381ECBB0093DFA0 /* ARDWebSocketChannel.m in Sources */ = {isa = PBXBuildFile; fileRef = F9C789EF2381ECBB0093DFA0 /* ARDWebSocketChannel.m */; };
/* End PBXBuildFile section */

/* Begin PBXFileReference section */
		6748A20157196412650238A0 /* Pods-rtcApp.release.xcconfig */ = {isa = PBXFileReference; includeInIndex = 1; lastKnownFileType = text.xcconfig; name = "Pods-rtcApp.release.xcconfig"; path = "Target Support Files/Pods-rtcApp/Pods-rtcApp.release.xcconfig"; sourceTree = "<group>"; };
		7F32914D5FEA60B1555C35FB /* Pods-rtcApp.debug.xcconfig */ = {isa = PBXFileReference; includeInIndex = 1; lastKnownFileType = text.xcconfig; name = "Pods-rtcApp.debug.xcconfig"; path = "Target Support Files/Pods-rtcApp/Pods-rtcApp.debug.xcconfig"; sourceTree = "<group>"; };
		B1123DDEEDF9492DBC6434B5 /* libPods-rtcApp.a */ = {isa = PBXFileReference; explicitFileType = archive.ar; includeInIndex = 0; path = "libPods-rtcApp.a"; sourceTree = BUILT_PRODUCTS_DIR; };
		F94333712381FE20005CF627 /* CallViewController.swift */ = {isa = PBXFileReference; lastKnownFileType = sourcecode.swift; path = CallViewController.swift; sourceTree = "<group>"; };
		F9C789BD2381CC8B0093DFA0 /* rtcApp.app */ = {isa = PBXFileReference; explicitFileType = wrapper.application; includeInIndex = 0; path = rtcApp.app; sourceTree = BUILT_PRODUCTS_DIR; };
		F9C789C02381CC8B0093DFA0 /* AppDelegate.swift */ = {isa = PBXFileReference; lastKnownFileType = sourcecode.swift; path = AppDelegate.swift; sourceTree = "<group>"; };
		F9C789C22381CC8B0093DFA0 /* RoomInfoViewController.swift */ = {isa = PBXFileReference; lastKnownFileType = sourcecode.swift; path = RoomInfoViewController.swift; sourceTree = "<group>"; };
		F9C789CA2381CC8B0093DFA0 /* Assets.xcassets */ = {isa = PBXFileReference; lastKnownFileType = folder.assetcatalog; path = Assets.xcassets; sourceTree = "<group>"; };
		F9C789CD2381CC8B0093DFA0 /* Base */ = {isa = PBXFileReference; lastKnownFileType = file.storyboard; name = Base; path = Base.lproj/LaunchScreen.storyboard; sourceTree = "<group>"; };
		F9C789CF2381CC8B0093DFA0 /* Info.plist */ = {isa = PBXFileReference; lastKnownFileType = text.plist.xml; path = Info.plist; sourceTree = "<group>"; };
		F9C789DB2381ECB10093DFA0 /* rtcApp-Bridging-Header.h */ = {isa = PBXFileReference; lastKnownFileType = sourcecode.c.h; path = "rtcApp-Bridging-Header.h"; sourceTree = "<group>"; };
		F9C789DC2381ECB20093DFA0 /* RTCSessionDescription+JSON.h */ = {isa = PBXFileReference; fileEncoding = 4; lastKnownFileType = sourcecode.c.h; path = "RTCSessionDescription+JSON.h"; sourceTree = "<group>"; };
		F9C789DD2381ECB20093DFA0 /* ARDMessageResponse.h */ = {isa = PBXFileReference; fileEncoding = 4; lastKnownFileType = sourcecode.c.h; path = ARDMessageResponse.h; sourceTree = "<group>"; };
		F9C789DE2381ECB20093DFA0 /* ARDAppClient.m */ = {isa = PBXFileReference; fileEncoding = 4; lastKnownFileType = sourcecode.c.objc; path = ARDAppClient.m; sourceTree = "<group>"; };
		F9C789DF2381ECB30093DFA0 /* ARDRegisterResponse.m */ = {isa = PBXFileReference; fileEncoding = 4; lastKnownFileType = sourcecode.c.objc; path = ARDRegisterResponse.m; sourceTree = "<group>"; };
		F9C789E02381ECB30093DFA0 /* ARDSignalingMessage.m */ = {isa = PBXFileReference; fileEncoding = 4; lastKnownFileType = sourcecode.c.objc; path = ARDSignalingMessage.m; sourceTree = "<group>"; };
		F9C789E12381ECB30093DFA0 /* RTCICEServer+JSON.h */ = {isa = PBXFileReference; fileEncoding = 4; lastKnownFileType = sourcecode.c.h; path = "RTCICEServer+JSON.h"; sourceTree = "<group>"; };
		F9C789E22381ECB40093DFA0 /* RTCMediaConstraints+JSON.h */ = {isa = PBXFileReference; fileEncoding = 4; lastKnownFileType = sourcecode.c.h; path = "RTCMediaConstraints+JSON.h"; sourceTree = "<group>"; };
		F9C789E32381ECB40093DFA0 /* ARDSignalingMessage.h */ = {isa = PBXFileReference; fileEncoding = 4; lastKnownFileType = sourcecode.c.h; path = ARDSignalingMessage.h; sourceTree = "<group>"; };
		F9C789E42381ECB50093DFA0 /* ARDUtilities.h */ = {isa = PBXFileReference; fileEncoding = 4; lastKnownFileType = sourcecode.c.h; path = ARDUtilities.h; sourceTree = "<group>"; };
		F9C789E52381ECB50093DFA0 /* RTCICECandidate+JSON.m */ = {isa = PBXFileReference; fileEncoding = 4; lastKnownFileType = sourcecode.c.objc; path = "RTCICECandidate+JSON.m"; sourceTree = "<group>"; };
		F9C789E62381ECB60093DFA0 /* ARDUtilities.m */ = {isa = PBXFileReference; fileEncoding = 4; lastKnownFileType = sourcecode.c.objc; path = ARDUtilities.m; sourceTree = "<group>"; };
		F9C789E72381ECB60093DFA0 /* ARDWebSocketChannel.h */ = {isa = PBXFileReference; fileEncoding = 4; lastKnownFileType = sourcecode.c.h; path = ARDWebSocketChannel.h; sourceTree = "<group>"; };
		F9C789E82381ECB70093DFA0 /* ARDRegisterResponse.h */ = {isa = PBXFileReference; fileEncoding = 4; lastKnownFileType = sourcecode.c.h; path = ARDRegisterResponse.h; sourceTree = "<group>"; };
		F9C789E92381ECB70093DFA0 /* ARDMessageResponse.m */ = {isa = PBXFileReference; fileEncoding = 4; lastKnownFileType = sourcecode.c.objc; path = ARDMessageResponse.m; sourceTree = "<group>"; };
		F9C789EA2381ECB80093DFA0 /* RTCMediaConstraints+JSON.m */ = {isa = PBXFileReference; fileEncoding = 4; lastKnownFileType = sourcecode.c.objc; path = "RTCMediaConstraints+JSON.m"; sourceTree = "<group>"; };
		F9C789EB2381ECB80093DFA0 /* RTCSessionDescription+JSON.m */ = {isa = PBXFileReference; fileEncoding = 4; lastKnownFileType = sourcecode.c.objc; path = "RTCSessionDescription+JSON.m"; sourceTree = "<group>"; };
		F9C789EC2381ECB90093DFA0 /* RTCICEServer+JSON.m */ = {isa = PBXFileReference; fileEncoding = 4; lastKnownFileType = sourcecode.c.objc; path = "RTCICEServer+JSON.m"; sourceTree = "<group>"; };
		F9C789ED2381ECBA0093DFA0 /* ARDAppClient.h */ = {isa = PBXFileReference; fileEncoding = 4; lastKnownFileType = sourcecode.c.h; path = ARDAppClient.h; sourceTree = "<group>"; };
		F9C789EE2381ECBA0093DFA0 /* RTCICECandidate+JSON.h */ = {isa = PBXFileReference; fileEncoding = 4; lastKnownFileType = sourcecode.c.h; path = "RTCICECandidate+JSON.h"; sourceTree = "<group>"; };
		F9C789EF2381ECBB0093DFA0 /* ARDWebSocketChannel.m */ = {isa = PBXFileReference; fileEncoding = 4; lastKnownFileType = sourcecode.c.objc; path = ARDWebSocketChannel.m; sourceTree = "<group>"; };
/* End PBXFileReference section */

/* Begin PBXFrameworksBuildPhase section */
		F9C789BA2381CC8B0093DFA0 /* Frameworks */ = {
			isa = PBXFrameworksBuildPhase;
			buildActionMask = 2147483647;
			files = (
				BBE871438367F7706D3E1876 /* libPods-rtcApp.a in Frameworks */,
			);
			runOnlyForDeploymentPostprocessing = 0;
		};
/* End PBXFrameworksBuildPhase section */

/* Begin PBXGroup section */
		0BDBD9B4EC4145855FB0275A /* Frameworks */ = {
			isa = PBXGroup;
			children = (
				B1123DDEEDF9492DBC6434B5 /* libPods-rtcApp.a */,
			);
			name = Frameworks;
			sourceTree = "<group>";
		};
		A3360509CD3381D1351B9677 /* Pods */ = {
			isa = PBXGroup;
			children = (
				7F32914D5FEA60B1555C35FB /* Pods-rtcApp.debug.xcconfig */,
				6748A20157196412650238A0 /* Pods-rtcApp.release.xcconfig */,
			);
			path = Pods;
			sourceTree = "<group>";
		};
		F94333702381FCB9005CF627 /* ViewControllers */ = {
			isa = PBXGroup;
			children = (
				F9C789C22381CC8B0093DFA0 /* RoomInfoViewController.swift */,
				F94333712381FE20005CF627 /* CallViewController.swift */,
			);
			name = ViewControllers;
			sourceTree = "<group>";
		};
		F943337323820740005CF627 /* Other */ = {
			isa = PBXGroup;
			children = (
			);
			name = Other;
			sourceTree = "<group>";
		};
		F9C789B42381CC8B0093DFA0 = {
			isa = PBXGroup;
			children = (
				F9C789BF2381CC8B0093DFA0 /* rtcApp */,
				F9C789BE2381CC8B0093DFA0 /* Products */,
				A3360509CD3381D1351B9677 /* Pods */,
				0BDBD9B4EC4145855FB0275A /* Frameworks */,
			);
			sourceTree = "<group>";
		};
		F9C789BE2381CC8B0093DFA0 /* Products */ = {
			isa = PBXGroup;
			children = (
				F9C789BD2381CC8B0093DFA0 /* rtcApp.app */,
			);
			name = Products;
			sourceTree = "<group>";
		};
		F9C789BF2381CC8B0093DFA0 /* rtcApp */ = {
			isa = PBXGroup;
			children = (
				F943337323820740005CF627 /* Other */,
				F9C789C02381CC8B0093DFA0 /* AppDelegate.swift */,
				F94333702381FCB9005CF627 /* ViewControllers */,
				F9C789CA2381CC8B0093DFA0 /* Assets.xcassets */,
				F9C789CC2381CC8B0093DFA0 /* LaunchScreen.storyboard */,
				F9C789CF2381CC8B0093DFA0 /* Info.plist */,
				F9C789DA2381ECA00093DFA0 /* RTC */,
			);
			path = rtcApp;
			sourceTree = "<group>";
		};
		F9C789DA2381ECA00093DFA0 /* RTC */ = {
			isa = PBXGroup;
			children = (
				F9C789ED2381ECBA0093DFA0 /* ARDAppClient.h */,
				F9C789DE2381ECB20093DFA0 /* ARDAppClient.m */,
				F9C789DD2381ECB20093DFA0 /* ARDMessageResponse.h */,
				F9C789E92381ECB70093DFA0 /* ARDMessageResponse.m */,
				F9C789E82381ECB70093DFA0 /* ARDRegisterResponse.h */,
				F9C789DF2381ECB30093DFA0 /* ARDRegisterResponse.m */,
				F9C789E32381ECB40093DFA0 /* ARDSignalingMessage.h */,
				F9C789E02381ECB30093DFA0 /* ARDSignalingMessage.m */,
				F9C789E42381ECB50093DFA0 /* ARDUtilities.h */,
				F9C789E62381ECB60093DFA0 /* ARDUtilities.m */,
				F9C789E72381ECB60093DFA0 /* ARDWebSocketChannel.h */,
				F9C789EF2381ECBB0093DFA0 /* ARDWebSocketChannel.m */,
				F9C789EE2381ECBA0093DFA0 /* RTCICECandidate+JSON.h */,
				F9C789E52381ECB50093DFA0 /* RTCICECandidate+JSON.m */,
				F9C789E12381ECB30093DFA0 /* RTCICEServer+JSON.h */,
				F9C789EC2381ECB90093DFA0 /* RTCICEServer+JSON.m */,
				F9C789E22381ECB40093DFA0 /* RTCMediaConstraints+JSON.h */,
				F9C789EA2381ECB80093DFA0 /* RTCMediaConstraints+JSON.m */,
				F9C789DC2381ECB20093DFA0 /* RTCSessionDescription+JSON.h */,
				F9C789EB2381ECB80093DFA0 /* RTCSessionDescription+JSON.m */,
				F9C789DB2381ECB10093DFA0 /* rtcApp-Bridging-Header.h */,
			);
			name = RTC;
			sourceTree = "<group>";
		};
/* End PBXGroup section */

/* Begin PBXNativeTarget section */
		F9C789BC2381CC8B0093DFA0 /* rtcApp */ = {
			isa = PBXNativeTarget;
			buildConfigurationList = F9C789D22381CC8B0093DFA0 /* Build configuration list for PBXNativeTarget "rtcApp" */;
			buildPhases = (
				7508FF5E6ADE216A404566CB /* [CP] Check Pods Manifest.lock */,
				F9C789B92381CC8B0093DFA0 /* Sources */,
				F9C789BA2381CC8B0093DFA0 /* Frameworks */,
				F9C789BB2381CC8B0093DFA0 /* Resources */,
			);
			buildRules = (
			);
			dependencies = (
			);
			name = rtcApp;
			productName = rtcApp;
			productReference = F9C789BD2381CC8B0093DFA0 /* rtcApp.app */;
			productType = "com.apple.product-type.application";
		};
/* End PBXNativeTarget section */

/* Begin PBXProject section */
		F9C789B52381CC8B0093DFA0 /* Project object */ = {
			isa = PBXProject;
			attributes = {
				LastSwiftUpdateCheck = 0920;
				LastUpgradeCheck = 0920;
				ORGANIZATIONNAME = "Makcim Mikhailov";
				TargetAttributes = {
					F9C789BC2381CC8B0093DFA0 = {
						CreatedOnToolsVersion = 9.2;
						LastSwiftMigration = 0920;
						ProvisioningStyle = Automatic;
					};
				};
			};
			buildConfigurationList = F9C789B82381CC8B0093DFA0 /* Build configuration list for PBXProject "rtcApp" */;
			compatibilityVersion = "Xcode 8.0";
			developmentRegion = en;
			hasScannedForEncodings = 0;
			knownRegions = (
				en,
				Base,
			);
			mainGroup = F9C789B42381CC8B0093DFA0;
			productRefGroup = F9C789BE2381CC8B0093DFA0 /* Products */;
			projectDirPath = "";
			projectRoot = "";
			targets = (
				F9C789BC2381CC8B0093DFA0 /* rtcApp */,
			);
		};
/* End PBXProject section */

/* Begin PBXResourcesBuildPhase section */
		F9C789BB2381CC8B0093DFA0 /* Resources */ = {
			isa = PBXResourcesBuildPhase;
			buildActionMask = 2147483647;
			files = (
				F9C789CE2381CC8B0093DFA0 /* LaunchScreen.storyboard in Resources */,
				F9C789CB2381CC8B0093DFA0 /* Assets.xcassets in Resources */,
			);
			runOnlyForDeploymentPostprocessing = 0;
		};
/* End PBXResourcesBuildPhase section */

/* Begin PBXShellScriptBuildPhase section */
		7508FF5E6ADE216A404566CB /* [CP] Check Pods Manifest.lock */ = {
			isa = PBXShellScriptBuildPhase;
			buildActionMask = 2147483647;
			files = (
			);
			inputPaths = (
				"${PODS_PODFILE_DIR_PATH}/Podfile.lock",
				"${PODS_ROOT}/Manifest.lock",
			);
			name = "[CP] Check Pods Manifest.lock";
			outputPaths = (
				"$(DERIVED_FILE_DIR)/Pods-rtcApp-checkManifestLockResult.txt",
			);
			runOnlyForDeploymentPostprocessing = 0;
			shellPath = /bin/sh;
			shellScript = "diff \"${PODS_PODFILE_DIR_PATH}/Podfile.lock\" \"${PODS_ROOT}/Manifest.lock\" > /dev/null\nif [ $? != 0 ] ; then\n    # print error to STDERR\n    echo \"error: The sandbox is not in sync with the Podfile.lock. Run 'pod install' or update your CocoaPods installation.\" >&2\n    exit 1\nfi\n# This output is used by Xcode 'outputs' to avoid re-running this script phase.\necho \"SUCCESS\" > \"${SCRIPT_OUTPUT_FILE_0}\"\n";
			showEnvVarsInLog = 0;
		};
/* End PBXShellScriptBuildPhase section */

/* Begin PBXSourcesBuildPhase section */
		F9C789B92381CC8B0093DFA0 /* Sources */ = {
			isa = PBXSourcesBuildPhase;
			buildActionMask = 2147483647;
			files = (
				F9C789F12381ECBB0093DFA0 /* ARDRegisterResponse.m in Sources */,
				F9C789F02381ECBB0093DFA0 /* ARDAppClient.m in Sources */,
				F9C789F32381ECBB0093DFA0 /* RTCICECandidate+JSON.m in Sources */,
				F9C789F82381ECBB0093DFA0 /* RTCICEServer+JSON.m in Sources */,
				F9C789F42381ECBB0093DFA0 /* ARDUtilities.m in Sources */,
				F94333722381FE20005CF627 /* CallViewController.swift in Sources */,
				F9C789F92381ECBB0093DFA0 /* ARDWebSocketChannel.m in Sources */,
				F9C789F72381ECBB0093DFA0 /* RTCSessionDescription+JSON.m in Sources */,
				F9C789C32381CC8B0093DFA0 /* RoomInfoViewController.swift in Sources */,
				F9C789F22381ECBB0093DFA0 /* ARDSignalingMessage.m in Sources */,
				F9C789F62381ECBB0093DFA0 /* RTCMediaConstraints+JSON.m in Sources */,
				F9C789F52381ECBB0093DFA0 /* ARDMessageResponse.m in Sources */,
				F9C789C12381CC8B0093DFA0 /* AppDelegate.swift in Sources */,
			);
			runOnlyForDeploymentPostprocessing = 0;
		};
/* End PBXSourcesBuildPhase section */

/* Begin PBXVariantGroup section */
		F9C789CC2381CC8B0093DFA0 /* LaunchScreen.storyboard */ = {
			isa = PBXVariantGroup;
			children = (
				F9C789CD2381CC8B0093DFA0 /* Base */,
			);
			name = LaunchScreen.storyboard;
			sourceTree = "<group>";
		};
/* End PBXVariantGroup section */

/* Begin XCBuildConfiguration section */
		F9C789D02381CC8B0093DFA0 /* Debug */ = {
			isa = XCBuildConfiguration;
			buildSettings = {
				ALWAYS_SEARCH_USER_PATHS = NO;
				CLANG_ANALYZER_NONNULL = YES;
				CLANG_ANALYZER_NUMBER_OBJECT_CONVERSION = YES_AGGRESSIVE;
				CLANG_CXX_LANGUAGE_STANDARD = "gnu++14";
				CLANG_CXX_LIBRARY = "libc++";
				CLANG_ENABLE_MODULES = YES;
				CLANG_ENABLE_OBJC_ARC = YES;
				CLANG_WARN_BLOCK_CAPTURE_AUTORELEASING = YES;
				CLANG_WARN_BOOL_CONVERSION = YES;
				CLANG_WARN_COMMA = YES;
				CLANG_WARN_CONSTANT_CONVERSION = YES;
				CLANG_WARN_DIRECT_OBJC_ISA_USAGE = YES_ERROR;
				CLANG_WARN_DOCUMENTATION_COMMENTS = YES;
				CLANG_WARN_EMPTY_BODY = YES;
				CLANG_WARN_ENUM_CONVERSION = YES;
				CLANG_WARN_INFINITE_RECURSION = YES;
				CLANG_WARN_INT_CONVERSION = YES;
				CLANG_WARN_NON_LITERAL_NULL_CONVERSION = YES;
				CLANG_WARN_OBJC_LITERAL_CONVERSION = YES;
				CLANG_WARN_OBJC_ROOT_CLASS = YES_ERROR;
				CLANG_WARN_RANGE_LOOP_ANALYSIS = YES;
				CLANG_WARN_STRICT_PROTOTYPES = YES;
				CLANG_WARN_SUSPICIOUS_MOVE = YES;
				CLANG_WARN_UNGUARDED_AVAILABILITY = YES_AGGRESSIVE;
				CLANG_WARN_UNREACHABLE_CODE = YES;
				CLANG_WARN__DUPLICATE_METHOD_MATCH = YES;
				CODE_SIGN_IDENTITY = "iPhone Developer";
				COPY_PHASE_STRIP = NO;
				DEBUG_INFORMATION_FORMAT = dwarf;
				ENABLE_BITCODE = NO;
				ENABLE_STRICT_OBJC_MSGSEND = YES;
				ENABLE_TESTABILITY = YES;
				GCC_C_LANGUAGE_STANDARD = gnu11;
				GCC_DYNAMIC_NO_PIC = NO;
				GCC_NO_COMMON_BLOCKS = YES;
				GCC_OPTIMIZATION_LEVEL = 0;
				GCC_PREPROCESSOR_DEFINITIONS = (
					"DEBUG=1",
					"$(inherited)",
				);
				GCC_WARN_64_TO_32_BIT_CONVERSION = YES;
				GCC_WARN_ABOUT_RETURN_TYPE = YES_ERROR;
				GCC_WARN_UNDECLARED_SELECTOR = YES;
				GCC_WARN_UNINITIALIZED_AUTOS = YES_AGGRESSIVE;
				GCC_WARN_UNUSED_FUNCTION = YES;
				GCC_WARN_UNUSED_VARIABLE = YES;
				IPHONEOS_DEPLOYMENT_TARGET = 11.2;
				MTL_ENABLE_DEBUG_INFO = YES;
				ONLY_ACTIVE_ARCH = YES;
				SDKROOT = iphoneos;
				SWIFT_ACTIVE_COMPILATION_CONDITIONS = DEBUG;
				SWIFT_OPTIMIZATION_LEVEL = "-Onone";
			};
			name = Debug;
		};
		F9C789D12381CC8B0093DFA0 /* Release */ = {
			isa = XCBuildConfiguration;
			buildSettings = {
				ALWAYS_SEARCH_USER_PATHS = NO;
				CLANG_ANALYZER_NONNULL = YES;
				CLANG_ANALYZER_NUMBER_OBJECT_CONVERSION = YES_AGGRESSIVE;
				CLANG_CXX_LANGUAGE_STANDARD = "gnu++14";
				CLANG_CXX_LIBRARY = "libc++";
				CLANG_ENABLE_MODULES = YES;
				CLANG_ENABLE_OBJC_ARC = YES;
				CLANG_WARN_BLOCK_CAPTURE_AUTORELEASING = YES;
				CLANG_WARN_BOOL_CONVERSION = YES;
				CLANG_WARN_COMMA = YES;
				CLANG_WARN_CONSTANT_CONVERSION = YES;
				CLANG_WARN_DIRECT_OBJC_ISA_USAGE = YES_ERROR;
				CLANG_WARN_DOCUMENTATION_COMMENTS = YES;
				CLANG_WARN_EMPTY_BODY = YES;
				CLANG_WARN_ENUM_CONVERSION = YES;
				CLANG_WARN_INFINITE_RECURSION = YES;
				CLANG_WARN_INT_CONVERSION = YES;
				CLANG_WARN_NON_LITERAL_NULL_CONVERSION = YES;
				CLANG_WARN_OBJC_LITERAL_CONVERSION = YES;
				CLANG_WARN_OBJC_ROOT_CLASS = YES_ERROR;
				CLANG_WARN_RANGE_LOOP_ANALYSIS = YES;
				CLANG_WARN_STRICT_PROTOTYPES = YES;
				CLANG_WARN_SUSPICIOUS_MOVE = YES;
				CLANG_WARN_UNGUARDED_AVAILABILITY = YES_AGGRESSIVE;
				CLANG_WARN_UNREACHABLE_CODE = YES;
				CLANG_WARN__DUPLICATE_METHOD_MATCH = YES;
				CODE_SIGN_IDENTITY = "iPhone Developer";
				COPY_PHASE_STRIP = NO;
				DEBUG_INFORMATION_FORMAT = "dwarf-with-dsym";
				ENABLE_BITCODE = NO;
				ENABLE_NS_ASSERTIONS = NO;
				ENABLE_STRICT_OBJC_MSGSEND = YES;
				GCC_C_LANGUAGE_STANDARD = gnu11;
				GCC_NO_COMMON_BLOCKS = YES;
				GCC_WARN_64_TO_32_BIT_CONVERSION = YES;
				GCC_WARN_ABOUT_RETURN_TYPE = YES_ERROR;
				GCC_WARN_UNDECLARED_SELECTOR = YES;
				GCC_WARN_UNINITIALIZED_AUTOS = YES_AGGRESSIVE;
				GCC_WARN_UNUSED_FUNCTION = YES;
				GCC_WARN_UNUSED_VARIABLE = YES;
				IPHONEOS_DEPLOYMENT_TARGET = 11.2;
				MTL_ENABLE_DEBUG_INFO = NO;
				SDKROOT = iphoneos;
				SWIFT_OPTIMIZATION_LEVEL = "-Owholemodule";
				VALIDATE_PRODUCT = YES;
			};
			name = Release;
		};
		F9C789D32381CC8B0093DFA0 /* Debug */ = {
			isa = XCBuildConfiguration;
			baseConfigurationReference = 7F32914D5FEA60B1555C35FB /* Pods-rtcApp.debug.xcconfig */;
			buildSettings = {
				ASSETCATALOG_COMPILER_APPICON_NAME = AppIcon;
				CLANG_ENABLE_MODULES = YES;
				CODE_SIGN_STYLE = Automatic;
				DEVELOPMENT_TEAM = WL97D5DF35;
				ENABLE_BITCODE = NO;
				INFOPLIST_FILE = rtcApp/Info.plist;
				LD_RUNPATH_SEARCH_PATHS = "$(inherited) @executable_path/Frameworks";
				PRODUCT_BUNDLE_IDENTIFIER = Home.rtcApp;
				PRODUCT_NAME = "$(TARGET_NAME)";
				SWIFT_OBJC_BRIDGING_HEADER = "rtcApp/rtcApp-Bridging-Header.h";
				SWIFT_OPTIMIZATION_LEVEL = "-Onone";
				SWIFT_VERSION = 4.0;
				TARGETED_DEVICE_FAMILY = "1,2";
			};
			name = Debug;
		};
		F9C789D42381CC8B0093DFA0 /* Release */ = {
			isa = XCBuildConfiguration;
			baseConfigurationReference = 6748A20157196412650238A0 /* Pods-rtcApp.release.xcconfig */;
			buildSettings = {
				ASSETCATALOG_COMPILER_APPICON_NAME = AppIcon;
				CLANG_ENABLE_MODULES = YES;
				CODE_SIGN_STYLE = Automatic;
				DEVELOPMENT_TEAM = WL97D5DF35;
				ENABLE_BITCODE = NO;
				INFOPLIST_FILE = rtcApp/Info.plist;
				LD_RUNPATH_SEARCH_PATHS = "$(inherited) @executable_path/Frameworks";
				PRODUCT_BUNDLE_IDENTIFIER = Home.rtcApp;
				PRODUCT_NAME = "$(TARGET_NAME)";
				SWIFT_OBJC_BRIDGING_HEADER = "rtcApp/rtcApp-Bridging-Header.h";
				SWIFT_VERSION = 4.0;
				TARGETED_DEVICE_FAMILY = "1,2";
			};
			name = Release;
		};
/* End XCBuildConfiguration section */

/* Begin XCConfigurationList section */
		F9C789B82381CC8B0093DFA0 /* Build configuration list for PBXProject "rtcApp" */ = {
			isa = XCConfigurationList;
			buildConfigurations = (
				F9C789D02381CC8B0093DFA0 /* Debug */,
				F9C789D12381CC8B0093DFA0 /* Release */,
			);
			defaultConfigurationIsVisible = 0;
			defaultConfigurationName = Release;
		};
		F9C789D22381CC8B0093DFA0 /* Build configuration list for PBXNativeTarget "rtcApp" */ = {
			isa = XCConfigurationList;
			buildConfigurations = (
				F9C789D32381CC8B0093DFA0 /* Debug */,
				F9C789D42381CC8B0093DFA0 /* Release */,
			);
			defaultConfigurationIsVisible = 0;
			defaultConfigurationName = Release;
		};
/* End XCConfigurationList section */
	};
	rootObject = F9C789B52381CC8B0093DFA0 /* Project object */;
}
